
Microsoft Visual Studio Solution File, Format Version 12.00
# Visual Studio 15
VisualStudioVersion = 15.0.27428.2043
MinimumVisualStudioVersion = 10.0.40219.1
Project("{FAE04EC0-301F-11D3-BF4B-00C04F79EFBC}") = "ASCII_Art", "ASCII_Art\ASCII_Art.csproj", "{BE7238E1-D06C-41C3-96B5-48F4F9C44194}"
EndProject
Global
	GlobalSection(SolutionConfigurationPlatforms) = preSolution
		Debug|Any CPU = Debug|Any CPU
		Release|Any CPU = Release|Any CPU
	EndGlobalSection
	GlobalSection(ProjectConfigurationPlatforms) = postSolution
		{BE7238E1-D06C-41C3-96B5-48F4F9C44194}.Debug|Any CPU.ActiveCfg = Debug|Any CPU
		{BE7238E1-D06C-41C3-96B5-48F4F9C44194}.Debug|Any CPU.Build.0 = Debug|Any CPU
		{BE7238E1-D06C-41C3-96B5-48F4F9C44194}.Release|Any CPU.ActiveCfg = Release|Any CPU
		{BE7238E1-D06C-41C3-96B5-48F4F9C44194}.Release|Any CPU.Build.0 = Release|Any CPU
	EndGlobalSection
	GlobalSection(SolutionProperties) = preSolution
		HideSolutionNode = FALSE
	EndGlobalSection
	GlobalSection(ExtensibilityGlobals) = postSolution
		SolutionGuid = {995DAD1B-C520-47E7-8950-9CB219E4CDE8}
	EndGlobalSection
EndGlobal
